SITE
  remote: http://community.opscode.com/api/v1
  specs:
    apache2 (1.1.12)
    apparmor (0.9.0)
    bluepill (1.0.6)
    build-essential (1.0.0)
    hostname (0.0.2)
    logrotate (0.8.2)
    mysql (1.3.0)
      build-essential (>= 0.0.0)
      openssl (>= 0.0.0)
    nginx (0.101.6)
      bluepill (>= 0.0.0)
      build-essential (>= 0.0.0)
      ohai (~> 1.0.2)
      runit (>= 0.0.0)
      yum (>= 0.0.0)
    ohai (1.0.2)
    openssl (1.0.0)
    ossec (1.0.1)
      build-essential (>= 0)
    php (1.0.2)
      build-essential (>= 0.0.0)
      mysql (>= 0.0.0)
      xml (>= 0.0.0)
    postfix (1.2.0)
    rsync (0.7.0)
    runit (0.13.0)
    timezone (0.0.1)
    xml (1.0.4)
    yum (0.8.0)

GIT
  remote: https://github.com/mrdavidlaing/apt
  ref: master
  sha: 684c4a47d3b4fd57612b20e854e4e517daf41461
  specs:
    apt (1.5.0)

PATH
  remote: cookbooks-sources
  specs:
    apache2-mpm-itk (0.1.0)
      apache2 (>= 0.0.0)
    app_containers (0.17.2)
      apache2 (>= 0.0.0)
      apache2-mpm-itk (>= 0.0.0)
      bash_for_hipsters (>= 0.0.0)
      logrotate (>= 0.0.0)
      mysql (>= 0.0.0)
      nginx (>= 0.0.0)
    bash_for_hipsters (0.1.0)
    htop (0.0.1)
    multitail (0.0.1)
    pressupbox (0.5.1)
      apache2 (>= 0.0.0)
      apache2-mpm-itk (>= 0.0.0)
      app_containers (>= 0.0.0)
      apparmor (>= 0.0.0)
      apt (>= 0.0.0)
      build-essential (>= 0.0.0)
      hostname (>= 0.0.0)
      htop (>= 0.0.0)
      multitail (>= 0.0.0)
      mysql (>= 0.0.0)
      nginx (>= 0.0.0)
      ossec (>= 0.0.0)
      php (>= 0.0.0)
      postfix (>= 0.0.0)
      rsync (>= 0.0.0)
      runit (>= 0.0.0)
      timezone (>= 0.0.0)
      unarchivers (>= 0.0.0)
      xml (>= 0.0.0)
    unarchivers (0.0.1)

DEPENDENCIES
  apache2 (= 1.1.12)
  apache2-mpm-itk (>= 0)
  app_containers (>= 0)
  apt (>= 0)
  bash_for_hipsters (>= 0)
  build-essential (= 1.0.0)
  hostname (= 0.0.2)
  htop (>= 0)
  logrotate (= 0.8.2)
  multitail (>= 0)
  mysql (= 1.3.0)
  nginx (= 0.101.6)
  php (= 1.0.2)
  postfix (= 1.2.0)
  pressupbox (>= 0)
  runit (= 0.13.0)
  timezone (= 0.0.1)
  unarchivers (>= 0)

